// !$*UTF8*$!
{
	archiveVersion = 1;
	classes = {
	};
	objectVersion = 56;
	objects = {

/* Begin PBXBuildFile section */
		490BF6062A71596D008CB8F3 /* PlayerStatus.swift in Sources */ = {isa = PBXBuildFile; fileRef = 490BF6052A71596D008CB8F3 /* PlayerStatus.swift */; };
		490BF6082A71628F008CB8F3 /* TimerUtils.swift in Sources */ = {isa = PBXBuildFile; fileRef = 490BF6072A71628F008CB8F3 /* TimerUtils.swift */; };
		490C057B2ACAE5230012990C /* PlainNavLinkModifier.swift in Sources */ = {isa = PBXBuildFile; fileRef = 490C057A2ACAE5230012990C /* PlainNavLinkModifier.swift */; };
		490C057D2ACAF70B0012990C /* MockPlaylistNavStack.swift in Sources */ = {isa = PBXBuildFile; fileRef = 490C057C2ACAF70A0012990C /* MockPlaylistNavStack.swift */; };
		490C057F2ACB3A020012990C /* Collection+choose.swift in Sources */ = {isa = PBXBuildFile; fileRef = 490C057E2ACB3A020012990C /* Collection+choose.swift */; };
		490C05812ACB3B290012990C /* RecommendationCategory.swift in Sources */ = {isa = PBXBuildFile; fileRef = 490C05802ACB3B290012990C /* RecommendationCategory.swift */; };
		490C05832ACC73200012990C /* User.swift in Sources */ = {isa = PBXBuildFile; fileRef = 490C05822ACC731F0012990C /* User.swift */; };
		490C05852ACD496B0012990C /* MainCoordinator.swift in Sources */ = {isa = PBXBuildFile; fileRef = 490C05842ACD496B0012990C /* MainCoordinator.swift */; };
		492CDDAC2A81175A00008C2D /* Instrument.swift in Sources */ = {isa = PBXBuildFile; fileRef = 492CDDAB2A81175A00008C2D /* Instrument.swift */; };
		492CDDAE2A81435200008C2D /* View+visibility.swift in Sources */ = {isa = PBXBuildFile; fileRef = 492CDDAD2A81435200008C2D /* View+visibility.swift */; };
		4930A7082A94A5CD00FE382F /* DrumKitPieceRuntimeComponent.swift in Sources */ = {isa = PBXBuildFile; fileRef = 4930A7072A94A5CD00FE382F /* DrumKitPieceRuntimeComponent.swift */; };
		4930A70A2A94A60700FE382F /* DrumDemoViewModel.swift in Sources */ = {isa = PBXBuildFile; fileRef = 4930A7092A94A60700FE382F /* DrumDemoViewModel.swift */; };
		4930A70C2A94A6BF00FE382F /* Entity+utils.swift in Sources */ = {isa = PBXBuildFile; fileRef = 4930A70B2A94A6BF00FE382F /* Entity+utils.swift */; };
		4930A70E2A94A6DD00FE382F /* AttachmentsProvider.swift in Sources */ = {isa = PBXBuildFile; fileRef = 4930A70D2A94A6DD00FE382F /* AttachmentsProvider.swift */; };
		494318BA2A727E1400F2C363 /* HomeView.swift in Sources */ = {isa = PBXBuildFile; fileRef = 494318B92A727E1400F2C363 /* HomeView.swift */; };
		4945AC552A8A163B00A0FB0D /* ScenesConstants.swift in Sources */ = {isa = PBXBuildFile; fileRef = 4945AC542A8A163B00A0FB0D /* ScenesConstants.swift */; };
		4945AC592A8A185500A0FB0D /* SmallPlayerView.swift in Sources */ = {isa = PBXBuildFile; fileRef = 4945AC582A8A185500A0FB0D /* SmallPlayerView.swift */; };
		4945AC5C2A8A2A4900A0FB0D /* LoadingView.swift in Sources */ = {isa = PBXBuildFile; fileRef = 4945AC5B2A8A2A4900A0FB0D /* LoadingView.swift */; };
		4945AC5E2A8A2DFB00A0FB0D /* DrumDemo.swift in Sources */ = {isa = PBXBuildFile; fileRef = 4945AC5D2A8A2DFB00A0FB0D /* DrumDemo.swift */; };
		495B271A2A9795FA008434D7 /* BillboardSystem.swift in Sources */ = {isa = PBXBuildFile; fileRef = 495B27192A9795FA008434D7 /* BillboardSystem.swift */; };
		4963D7AC2A7A9A7900787123 /* SongDetailView.swift in Sources */ = {isa = PBXBuildFile; fileRef = 4963D7AB2A7A9A7900787123 /* SongDetailView.swift */; };
		4963D7AE2A7B9A8500787123 /* PlaylistsMainContentView.swift in Sources */ = {isa = PBXBuildFile; fileRef = 4963D7AD2A7B9A8500787123 /* PlaylistsMainContentView.swift */; };
		4969FA782A666BDD001CFC54 /* SongPlayer.swift in Sources */ = {isa = PBXBuildFile; fileRef = 4969FA772A666BDD001CFC54 /* SongPlayer.swift */; };
		496C78BD2A7D210C00161EF6 /* SplashView.swift in Sources */ = {isa = PBXBuildFile; fileRef = 496C78BC2A7D210C00161EF6 /* SplashView.swift */; };
		496C78C22A80C9D100161EF6 /* MainInstrumentsView.swift in Sources */ = {isa = PBXBuildFile; fileRef = 496C78C12A80C9D100161EF6 /* MainInstrumentsView.swift */; };
		4977BCB52A9CABB700497A2F /* PieceType+Info.swift in Sources */ = {isa = PBXBuildFile; fileRef = 4977BCB42A9CABB700497A2F /* PieceType+Info.swift */; };
		4977BCB72A9CE2CA00497A2F /* SticksModel3D.swift in Sources */ = {isa = PBXBuildFile; fileRef = 4977BCB62A9CE2CA00497A2F /* SticksModel3D.swift */; };
		4977BCBA2A9DDF0200497A2F /* PostersView.swift in Sources */ = {isa = PBXBuildFile; fileRef = 4977BCB92A9DDF0200497A2F /* PostersView.swift */; };
		497A63242A93F890005A0280 /* DrumPieceView.swift in Sources */ = {isa = PBXBuildFile; fileRef = 497A63232A93F890005A0280 /* DrumPieceView.swift */; };
		4989D39F2A6045F50040A41F /* RealityKitContent in Frameworks */ = {isa = PBXBuildFile; productRef = 4989D39E2A6045F50040A41F /* RealityKitContent */; };
		4989D3A12A6045F50040A41F /* VisionOSMusicApp.swift in Sources */ = {isa = PBXBuildFile; fileRef = 4989D3A02A6045F50040A41F /* VisionOSMusicApp.swift */; };
		4989D3A32A6045F50040A41F /* MainView.swift in Sources */ = {isa = PBXBuildFile; fileRef = 4989D3A22A6045F50040A41F /* MainView.swift */; };
		4989D3A72A6045F60040A41F /* Assets.xcassets in Resources */ = {isa = PBXBuildFile; fileRef = 4989D3A62A6045F60040A41F /* Assets.xcassets */; };
		4989D3AA2A6045F60040A41F /* Preview Assets.xcassets in Resources */ = {isa = PBXBuildFile; fileRef = 4989D3A92A6045F60040A41F /* Preview Assets.xcassets */; };
		498EF83C2A9F628400790749 /* SettingsView.swift in Sources */ = {isa = PBXBuildFile; fileRef = 498EF83B2A9F628400790749 /* SettingsView.swift */; };
		498EF83F2A9F654B00790749 /* BusinessConstants.swift in Sources */ = {isa = PBXBuildFile; fileRef = 498EF83E2A9F654B00790749 /* BusinessConstants.swift */; };
		49940D972A72776B00340359 /* Int+formatter.swift in Sources */ = {isa = PBXBuildFile; fileRef = 49940D962A72776B00340359 /* Int+formatter.swift */; };
		49940D992A72782500340359 /* String+formatter.swift in Sources */ = {isa = PBXBuildFile; fileRef = 49940D982A72782500340359 /* String+formatter.swift */; };
		49A6595C2ACE9F540075EE1C /* InfoView.swift in Sources */ = {isa = PBXBuildFile; fileRef = 49A6595B2ACE9F540075EE1C /* InfoView.swift */; };
		49B43BF32A701B7F007E9986 /* PlayerControls.swift in Sources */ = {isa = PBXBuildFile; fileRef = 49B43BF22A701B7F007E9986 /* PlayerControls.swift */; };
		49B43BF52A701C4B007E9986 /* MainViewModel.swift in Sources */ = {isa = PBXBuildFile; fileRef = 49B43BF42A701C4B007E9986 /* MainViewModel.swift */; };
		49B43BF92A702749007E9986 /* Array+subscript.swift in Sources */ = {isa = PBXBuildFile; fileRef = 49B43BF82A702749007E9986 /* Array+subscript.swift */; };
		49B62EED2AA0F768005130C2 /* SnareDrumView.swift in Sources */ = {isa = PBXBuildFile; fileRef = 49B62EEC2AA0F768005130C2 /* SnareDrumView.swift */; };
		49B62EEF2AA10164005130C2 /* SnareDrumViewModel.swift in Sources */ = {isa = PBXBuildFile; fileRef = 49B62EEE2AA10164005130C2 /* SnareDrumViewModel.swift */; };
		49BC067A2A60567600105373 /* Playlist.swift in Sources */ = {isa = PBXBuildFile; fileRef = 49BC06792A60567600105373 /* Playlist.swift */; };
		49BC067D2A6056C300105373 /* Models+Mocks.swift in Sources */ = {isa = PBXBuildFile; fileRef = 49BC067C2A6056C300105373 /* Models+Mocks.swift */; };
		49BC06812A60645D00105373 /* PlaylistsView.swift in Sources */ = {isa = PBXBuildFile; fileRef = 49BC06802A60645D00105373 /* PlaylistsView.swift */; };
		49BC06832A60649800105373 /* PlaylistCellView.swift in Sources */ = {isa = PBXBuildFile; fileRef = 49BC06822A60649800105373 /* PlaylistCellView.swift */; };
		49BC06872A61329E00105373 /* PlaylistContentView.swift in Sources */ = {isa = PBXBuildFile; fileRef = 49BC06862A61329E00105373 /* PlaylistContentView.swift */; };
		49BC06892A61332F00105373 /* Song.swift in Sources */ = {isa = PBXBuildFile; fileRef = 49BC06882A61332F00105373 /* Song.swift */; };
		49D0596D2AF0E74800A01E17 /* VideoPlayerView.swift in Sources */ = {isa = PBXBuildFile; fileRef = 49D0596C2AF0E74800A01E17 /* VideoPlayerView.swift */; };
		49D0597A2AF3907900A01E17 /* ImmersionStylesSelectable.swift in Sources */ = {isa = PBXBuildFile; fileRef = 49D059792AF3907900A01E17 /* ImmersionStylesSelectable.swift */; };
		49D0597C2AF397C400A01E17 /* SongVideoclip.swift in Sources */ = {isa = PBXBuildFile; fileRef = 49D0597B2AF397C400A01E17 /* SongVideoclip.swift */; };
		49E1FE532A655AB4000077FE /* DragRotationModifier.swift in Sources */ = {isa = PBXBuildFile; fileRef = 49E1FE522A655AB4000077FE /* DragRotationModifier.swift */; };
		49E680D92ACDCEF000BD75B8 /* AllEnvironmentsInjected.swift in Sources */ = {isa = PBXBuildFile; fileRef = 49E680D82ACDCEF000BD75B8 /* AllEnvironmentsInjected.swift */; };
		49EF98942A8E213E00F14F9F /* YoutubePlayerView.swift in Sources */ = {isa = PBXBuildFile; fileRef = 49EF98932A8E213E00F14F9F /* YoutubePlayerView.swift */; };
		49F3581E2AF963A20055D406 /* battery.mp4 in Resources */ = {isa = PBXBuildFile; fileRef = 49F3581D2AF963A20055D406 /* battery.mp4 */; };
		49F50D832AC4B2D1001E5346 /* PlaylistsCoordinator.swift in Sources */ = {isa = PBXBuildFile; fileRef = 49F50D822AC4B2D1001E5346 /* PlaylistsCoordinator.swift */; };
/* End PBXBuildFile section */

/* Begin PBXFileReference section */
		490BF6052A71596D008CB8F3 /* PlayerStatus.swift */ = {isa = PBXFileReference; lastKnownFileType = sourcecode.swift; path = PlayerStatus.swift; sourceTree = "<group>"; };
		490BF6072A71628F008CB8F3 /* TimerUtils.swift */ = {isa = PBXFileReference; lastKnownFileType = sourcecode.swift; path = TimerUtils.swift; sourceTree = "<group>"; };
		490C057A2ACAE5230012990C /* PlainNavLinkModifier.swift */ = {isa = PBXFileReference; lastKnownFileType = sourcecode.swift; path = PlainNavLinkModifier.swift; sourceTree = "<group>"; };
		490C057C2ACAF70A0012990C /* MockPlaylistNavStack.swift */ = {isa = PBXFileReference; lastKnownFileType = sourcecode.swift; path = MockPlaylistNavStack.swift; sourceTree = "<group>"; };
		490C057E2ACB3A020012990C /* Collection+choose.swift */ = {isa = PBXFileReference; lastKnownFileType = sourcecode.swift; path = "Collection+choose.swift"; sourceTree = "<group>"; };
		490C05802ACB3B290012990C /* RecommendationCategory.swift */ = {isa = PBXFileReference; lastKnownFileType = sourcecode.swift; path = RecommendationCategory.swift; sourceTree = "<group>"; };
		490C05822ACC731F0012990C /* User.swift */ = {isa = PBXFileReference; lastKnownFileType = sourcecode.swift; path = User.swift; sourceTree = "<group>"; };
		490C05842ACD496B0012990C /* MainCoordinator.swift */ = {isa = PBXFileReference; lastKnownFileType = sourcecode.swift; path = MainCoordinator.swift; sourceTree = "<group>"; };
		492CDDAB2A81175A00008C2D /* Instrument.swift */ = {isa = PBXFileReference; lastKnownFileType = sourcecode.swift; path = Instrument.swift; sourceTree = "<group>"; };
		492CDDAD2A81435200008C2D /* View+visibility.swift */ = {isa = PBXFileReference; lastKnownFileType = sourcecode.swift; path = "View+visibility.swift"; sourceTree = "<group>"; };
		4930A7072A94A5CD00FE382F /* DrumKitPieceRuntimeComponent.swift */ = {isa = PBXFileReference; lastKnownFileType = sourcecode.swift; path = DrumKitPieceRuntimeComponent.swift; sourceTree = "<group>"; };
		4930A7092A94A60700FE382F /* DrumDemoViewModel.swift */ = {isa = PBXFileReference; lastKnownFileType = sourcecode.swift; path = DrumDemoViewModel.swift; sourceTree = "<group>"; };
		4930A70B2A94A6BF00FE382F /* Entity+utils.swift */ = {isa = PBXFileReference; lastKnownFileType = sourcecode.swift; path = "Entity+utils.swift"; sourceTree = "<group>"; };
		4930A70D2A94A6DD00FE382F /* AttachmentsProvider.swift */ = {isa = PBXFileReference; lastKnownFileType = sourcecode.swift; path = AttachmentsProvider.swift; sourceTree = "<group>"; };
		494318B92A727E1400F2C363 /* HomeView.swift */ = {isa = PBXFileReference; lastKnownFileType = sourcecode.swift; path = HomeView.swift; sourceTree = "<group>"; };
		4945AC542A8A163B00A0FB0D /* ScenesConstants.swift */ = {isa = PBXFileReference; lastKnownFileType = sourcecode.swift; path = ScenesConstants.swift; sourceTree = "<group>"; };
		4945AC582A8A185500A0FB0D /* SmallPlayerView.swift */ = {isa = PBXFileReference; lastKnownFileType = sourcecode.swift; path = SmallPlayerView.swift; sourceTree = "<group>"; };
		4945AC5B2A8A2A4900A0FB0D /* LoadingView.swift */ = {isa = PBXFileReference; lastKnownFileType = sourcecode.swift; path = LoadingView.swift; sourceTree = "<group>"; };
		4945AC5D2A8A2DFB00A0FB0D /* DrumDemo.swift */ = {isa = PBXFileReference; lastKnownFileType = sourcecode.swift; path = DrumDemo.swift; sourceTree = "<group>"; };
		495B27192A9795FA008434D7 /* BillboardSystem.swift */ = {isa = PBXFileReference; lastKnownFileType = sourcecode.swift; path = BillboardSystem.swift; sourceTree = "<group>"; };
		4963D7AB2A7A9A7900787123 /* SongDetailView.swift */ = {isa = PBXFileReference; lastKnownFileType = sourcecode.swift; path = SongDetailView.swift; sourceTree = "<group>"; };
		4963D7AD2A7B9A8500787123 /* PlaylistsMainContentView.swift */ = {isa = PBXFileReference; lastKnownFileType = sourcecode.swift; path = PlaylistsMainContentView.swift; sourceTree = "<group>"; };
		4969FA772A666BDD001CFC54 /* SongPlayer.swift */ = {isa = PBXFileReference; lastKnownFileType = sourcecode.swift; path = SongPlayer.swift; sourceTree = "<group>"; };
		496C78BC2A7D210C00161EF6 /* SplashView.swift */ = {isa = PBXFileReference; lastKnownFileType = sourcecode.swift; path = SplashView.swift; sourceTree = "<group>"; };
		496C78C12A80C9D100161EF6 /* MainInstrumentsView.swift */ = {isa = PBXFileReference; lastKnownFileType = sourcecode.swift; path = MainInstrumentsView.swift; sourceTree = "<group>"; };
		4977BCB42A9CABB700497A2F /* PieceType+Info.swift */ = {isa = PBXFileReference; lastKnownFileType = sourcecode.swift; path = "PieceType+Info.swift"; sourceTree = "<group>"; };
		4977BCB62A9CE2CA00497A2F /* SticksModel3D.swift */ = {isa = PBXFileReference; lastKnownFileType = sourcecode.swift; path = SticksModel3D.swift; sourceTree = "<group>"; };
		4977BCB92A9DDF0200497A2F /* PostersView.swift */ = {isa = PBXFileReference; lastKnownFileType = sourcecode.swift; path = PostersView.swift; sourceTree = "<group>"; };
		497A63232A93F890005A0280 /* DrumPieceView.swift */ = {isa = PBXFileReference; lastKnownFileType = sourcecode.swift; path = DrumPieceView.swift; sourceTree = "<group>"; };
		4989D3992A6045F50040A41F /* VisionOSMusic.app */ = {isa = PBXFileReference; explicitFileType = wrapper.application; includeInIndex = 0; path = VisionOSMusic.app; sourceTree = BUILT_PRODUCTS_DIR; };
		4989D39D2A6045F50040A41F /* RealityKitContent */ = {isa = PBXFileReference; lastKnownFileType = wrapper; path = RealityKitContent; sourceTree = "<group>"; };
		4989D3A02A6045F50040A41F /* VisionOSMusicApp.swift */ = {isa = PBXFileReference; lastKnownFileType = sourcecode.swift; path = VisionOSMusicApp.swift; sourceTree = "<group>"; };
		4989D3A22A6045F50040A41F /* MainView.swift */ = {isa = PBXFileReference; lastKnownFileType = sourcecode.swift; path = MainView.swift; sourceTree = "<group>"; };
		4989D3A62A6045F60040A41F /* Assets.xcassets */ = {isa = PBXFileReference; lastKnownFileType = folder.assetcatalog; path = Assets.xcassets; sourceTree = "<group>"; };
		4989D3A92A6045F60040A41F /* Preview Assets.xcassets */ = {isa = PBXFileReference; lastKnownFileType = folder.assetcatalog; path = "Preview Assets.xcassets"; sourceTree = "<group>"; };
		498EF83B2A9F628400790749 /* SettingsView.swift */ = {isa = PBXFileReference; lastKnownFileType = sourcecode.swift; path = SettingsView.swift; sourceTree = "<group>"; };
		498EF83E2A9F654B00790749 /* BusinessConstants.swift */ = {isa = PBXFileReference; lastKnownFileType = sourcecode.swift; path = BusinessConstants.swift; sourceTree = "<group>"; };
		49940D962A72776B00340359 /* Int+formatter.swift */ = {isa = PBXFileReference; lastKnownFileType = sourcecode.swift; path = "Int+formatter.swift"; sourceTree = "<group>"; };
		49940D982A72782500340359 /* String+formatter.swift */ = {isa = PBXFileReference; lastKnownFileType = sourcecode.swift; path = "String+formatter.swift"; sourceTree = "<group>"; };
		49A6595B2ACE9F540075EE1C /* InfoView.swift */ = {isa = PBXFileReference; lastKnownFileType = sourcecode.swift; path = InfoView.swift; sourceTree = "<group>"; };
		49B43BF22A701B7F007E9986 /* PlayerControls.swift */ = {isa = PBXFileReference; lastKnownFileType = sourcecode.swift; path = PlayerControls.swift; sourceTree = "<group>"; };
		49B43BF42A701C4B007E9986 /* MainViewModel.swift */ = {isa = PBXFileReference; lastKnownFileType = sourcecode.swift; path = MainViewModel.swift; sourceTree = "<group>"; };
		49B43BF82A702749007E9986 /* Array+subscript.swift */ = {isa = PBXFileReference; lastKnownFileType = sourcecode.swift; path = "Array+subscript.swift"; sourceTree = "<group>"; };
		49B62EEC2AA0F768005130C2 /* SnareDrumView.swift */ = {isa = PBXFileReference; lastKnownFileType = sourcecode.swift; path = SnareDrumView.swift; sourceTree = "<group>"; };
		49B62EEE2AA10164005130C2 /* SnareDrumViewModel.swift */ = {isa = PBXFileReference; lastKnownFileType = sourcecode.swift; path = SnareDrumViewModel.swift; sourceTree = "<group>"; };
		49BC06792A60567600105373 /* Playlist.swift */ = {isa = PBXFileReference; lastKnownFileType = sourcecode.swift; path = Playlist.swift; sourceTree = "<group>"; };
		49BC067C2A6056C300105373 /* Models+Mocks.swift */ = {isa = PBXFileReference; lastKnownFileType = sourcecode.swift; path = "Models+Mocks.swift"; sourceTree = "<group>"; };
		49BC06802A60645D00105373 /* PlaylistsView.swift */ = {isa = PBXFileReference; lastKnownFileType = sourcecode.swift; path = PlaylistsView.swift; sourceTree = "<group>"; };
		49BC06822A60649800105373 /* PlaylistCellView.swift */ = {isa = PBXFileReference; lastKnownFileType = sourcecode.swift; path = PlaylistCellView.swift; sourceTree = "<group>"; };
		49BC06862A61329E00105373 /* PlaylistContentView.swift */ = {isa = PBXFileReference; lastKnownFileType = sourcecode.swift; path = PlaylistContentView.swift; sourceTree = "<group>"; };
		49BC06882A61332F00105373 /* Song.swift */ = {isa = PBXFileReference; lastKnownFileType = sourcecode.swift; path = Song.swift; sourceTree = "<group>"; };
		49D0596C2AF0E74800A01E17 /* VideoPlayerView.swift */ = {isa = PBXFileReference; lastKnownFileType = sourcecode.swift; path = VideoPlayerView.swift; sourceTree = "<group>"; };
		49D059792AF3907900A01E17 /* ImmersionStylesSelectable.swift */ = {isa = PBXFileReference; lastKnownFileType = sourcecode.swift; path = ImmersionStylesSelectable.swift; sourceTree = "<group>"; };
		49D0597B2AF397C400A01E17 /* SongVideoclip.swift */ = {isa = PBXFileReference; lastKnownFileType = sourcecode.swift; path = SongVideoclip.swift; sourceTree = "<group>"; };
		49E1FE522A655AB4000077FE /* DragRotationModifier.swift */ = {isa = PBXFileReference; lastKnownFileType = sourcecode.swift; path = DragRotationModifier.swift; sourceTree = "<group>"; };
		49E680D82ACDCEF000BD75B8 /* AllEnvironmentsInjected.swift */ = {isa = PBXFileReference; lastKnownFileType = sourcecode.swift; path = AllEnvironmentsInjected.swift; sourceTree = "<group>"; };
		49EF98932A8E213E00F14F9F /* YoutubePlayerView.swift */ = {isa = PBXFileReference; lastKnownFileType = sourcecode.swift; path = YoutubePlayerView.swift; sourceTree = "<group>"; };
		49F3581D2AF963A20055D406 /* battery.mp4 */ = {isa = PBXFileReference; lastKnownFileType = file; path = battery.mp4; sourceTree = "<group>"; };
		49F50D822AC4B2D1001E5346 /* PlaylistsCoordinator.swift */ = {isa = PBXFileReference; lastKnownFileType = sourcecode.swift; path = PlaylistsCoordinator.swift; sourceTree = "<group>"; };
/* End PBXFileReference section */

/* Begin PBXFrameworksBuildPhase section */
		4989D3962A6045F50040A41F /* Frameworks */ = {
			isa = PBXFrameworksBuildPhase;
			buildActionMask = 2147483647;
			files = (
				4989D39F2A6045F50040A41F /* RealityKitContent in Frameworks */,
			);
			runOnlyForDeploymentPostprocessing = 0;
		};
/* End PBXFrameworksBuildPhase section */

/* Begin PBXGroup section */
		4930A7062A94A57D00FE382F /* DrumDemo */ = {
			isa = PBXGroup;
			children = (
				4945AC5D2A8A2DFB00A0FB0D /* DrumDemo.swift */,
				4930A7092A94A60700FE382F /* DrumDemoViewModel.swift */,
				4930A7072A94A5CD00FE382F /* DrumKitPieceRuntimeComponent.swift */,
				497A63232A93F890005A0280 /* DrumPieceView.swift */,
			);
			path = DrumDemo;
			sourceTree = "<group>";
		};
		494318B72A727DC100F2C363 /* Home */ = {
			isa = PBXGroup;
			children = (
				494318B92A727E1400F2C363 /* HomeView.swift */,
			);
			path = Home;
			sourceTree = "<group>";
		};
		494318B82A727DDE00F2C363 /* PlaylistsView */ = {
			isa = PBXGroup;
			children = (
				49BC06822A60649800105373 /* PlaylistCellView.swift */,
				4963D7AD2A7B9A8500787123 /* PlaylistsMainContentView.swift */,
				49BC06802A60645D00105373 /* PlaylistsView.swift */,
			);
			path = PlaylistsView;
			sourceTree = "<group>";
		};
		4945AC562A8A180B00A0FB0D /* Resources */ = {
			isa = PBXGroup;
			children = (
				49D0596E2AF0E99300A01E17 /* Videos */,
				4989D3A62A6045F60040A41F /* Assets.xcassets */,
			);
			path = Resources;
			sourceTree = "<group>";
		};
		4945AC572A8A182F00A0FB0D /* SmallPlayer */ = {
			isa = PBXGroup;
			children = (
				4945AC582A8A185500A0FB0D /* SmallPlayerView.swift */,
			);
			path = SmallPlayer;
			sourceTree = "<group>";
		};
		4945AC5A2A8A2A3600A0FB0D /* Components */ = {
			isa = PBXGroup;
			children = (
				495B27192A9795FA008434D7 /* BillboardSystem.swift */,
				4945AC5B2A8A2A4900A0FB0D /* LoadingView.swift */,
				49EF98932A8E213E00F14F9F /* YoutubePlayerView.swift */,
			);
			path = Components;
			sourceTree = "<group>";
		};
		4945EDB72A9E5BE9001D4BAB /* Sticks */ = {
			isa = PBXGroup;
			children = (
				4977BCB62A9CE2CA00497A2F /* SticksModel3D.swift */,
			);
			path = Sticks;
			sourceTree = "<group>";
		};
		4945EDB82A9E5BF5001D4BAB /* SnareDrum */ = {
			isa = PBXGroup;
			children = (
				49B62EEC2AA0F768005130C2 /* SnareDrumView.swift */,
				49B62EEE2AA10164005130C2 /* SnareDrumViewModel.swift */,
			);
			path = SnareDrum;
			sourceTree = "<group>";
		};
		496C78BB2A7D20FC00161EF6 /* Splash */ = {
			isa = PBXGroup;
			children = (
				496C78BC2A7D210C00161EF6 /* SplashView.swift */,
			);
			path = Splash;
			sourceTree = "<group>";
		};
		496C78C02A80C6FA00161EF6 /* Instruments */ = {
			isa = PBXGroup;
			children = (
				496C78C12A80C9D100161EF6 /* MainInstrumentsView.swift */,
				4930A7062A94A57D00FE382F /* DrumDemo */,
				4945EDB82A9E5BF5001D4BAB /* SnareDrum */,
				4945EDB72A9E5BE9001D4BAB /* Sticks */,
			);
			path = Instruments;
			sourceTree = "<group>";
		};
		4977BCB82A9DDEED00497A2F /* Posters */ = {
			isa = PBXGroup;
			children = (
				4977BCB92A9DDF0200497A2F /* PostersView.swift */,
			);
			path = Posters;
			sourceTree = "<group>";
		};
		4989D3902A6045F50040A41F = {
			isa = PBXGroup;
			children = (
				4989D39B2A6045F50040A41F /* VisionOSMusic */,
				4989D39C2A6045F50040A41F /* Packages */,
				4989D39A2A6045F50040A41F /* Products */,
			);
			sourceTree = "<group>";
		};
		4989D39A2A6045F50040A41F /* Products */ = {
			isa = PBXGroup;
			children = (
				4989D3992A6045F50040A41F /* VisionOSMusic.app */,
			);
			name = Products;
			sourceTree = "<group>";
		};
		4989D39B2A6045F50040A41F /* VisionOSMusic */ = {
			isa = PBXGroup;
			children = (
				4989D3A02A6045F50040A41F /* VisionOSMusicApp.swift */,
				49B43BF62A70272C007E9986 /* Utils */,
				49E1FE512A655AA2000077FE /* Modifiers */,
				4945AC5A2A8A2A3600A0FB0D /* Components */,
				49BC067B2A6056A700105373 /* Data */,
				49BC06782A60566200105373 /* Models */,
				498EF83D2A9F653E00790749 /* Business */,
				49BC067E2A6063D000105373 /* Scenes */,
				4945AC562A8A180B00A0FB0D /* Resources */,
				4989D3A82A6045F60040A41F /* Preview Content */,
			);
			path = VisionOSMusic;
			sourceTree = "<group>";
		};
		4989D39C2A6045F50040A41F /* Packages */ = {
			isa = PBXGroup;
			children = (
				4989D39D2A6045F50040A41F /* RealityKitContent */,
			);
			path = Packages;
			sourceTree = "<group>";
		};
		4989D3A82A6045F60040A41F /* Preview Content */ = {
			isa = PBXGroup;
			children = (
				49E680D82ACDCEF000BD75B8 /* AllEnvironmentsInjected.swift */,
				490C057C2ACAF70A0012990C /* MockPlaylistNavStack.swift */,
				4989D3A92A6045F60040A41F /* Preview Assets.xcassets */,
			);
			path = "Preview Content";
			sourceTree = "<group>";
		};
		498EF83A2A9F626700790749 /* Settings */ = {
			isa = PBXGroup;
			children = (
				498EF83B2A9F628400790749 /* SettingsView.swift */,
			);
			path = Settings;
			sourceTree = "<group>";
		};
		498EF83D2A9F653E00790749 /* Business */ = {
			isa = PBXGroup;
			children = (
				498EF83E2A9F654B00790749 /* BusinessConstants.swift */,
			);
			path = Business;
			sourceTree = "<group>";
		};
		49A6595A2ACE9F3D0075EE1C /* Info */ = {
			isa = PBXGroup;
			children = (
				49A6595B2ACE9F540075EE1C /* InfoView.swift */,
			);
			path = Info;
			sourceTree = "<group>";
		};
		49B43BF62A70272C007E9986 /* Utils */ = {
			isa = PBXGroup;
			children = (
				49B43BF72A702738007E9986 /* Extensions */,
				490BF6072A71628F008CB8F3 /* TimerUtils.swift */,
			);
			path = Utils;
			sourceTree = "<group>";
		};
		49B43BF72A702738007E9986 /* Extensions */ = {
			isa = PBXGroup;
			children = (
				49B43BF82A702749007E9986 /* Array+subscript.swift */,
				490C057E2ACB3A020012990C /* Collection+choose.swift */,
				4930A70B2A94A6BF00FE382F /* Entity+utils.swift */,
				49940D962A72776B00340359 /* Int+formatter.swift */,
				4977BCB42A9CABB700497A2F /* PieceType+Info.swift */,
				49940D982A72782500340359 /* String+formatter.swift */,
				492CDDAD2A81435200008C2D /* View+visibility.swift */,
			);
			path = Extensions;
			sourceTree = "<group>";
		};
		49BC06782A60566200105373 /* Models */ = {
			isa = PBXGroup;
			children = (
				4930A70D2A94A6DD00FE382F /* AttachmentsProvider.swift */,
				49D059792AF3907900A01E17 /* ImmersionStylesSelectable.swift */,
				492CDDAB2A81175A00008C2D /* Instrument.swift */,
				490BF6052A71596D008CB8F3 /* PlayerStatus.swift */,
				49BC06792A60567600105373 /* Playlist.swift */,
				490C05802ACB3B290012990C /* RecommendationCategory.swift */,
				49BC06882A61332F00105373 /* Song.swift */,
				49D0597B2AF397C400A01E17 /* SongVideoclip.swift */,
				490C05822ACC731F0012990C /* User.swift */,
			);
			path = Models;
			sourceTree = "<group>";
		};
		49BC067B2A6056A700105373 /* Data */ = {
			isa = PBXGroup;
			children = (
				49BC067C2A6056C300105373 /* Models+Mocks.swift */,
			);
			path = Data;
			sourceTree = "<group>";
		};
		49BC067E2A6063D000105373 /* Scenes */ = {
			isa = PBXGroup;
			children = (
				4945AC542A8A163B00A0FB0D /* ScenesConstants.swift */,
				494318B72A727DC100F2C363 /* Home */,
				49A6595A2ACE9F3D0075EE1C /* Info */,
				496C78C02A80C6FA00161EF6 /* Instruments */,
				49BC06842A6064C300105373 /* Main */,
				49BC067F2A6063D900105373 /* Playlists */,
				4977BCB82A9DDEED00497A2F /* Posters */,
				498EF83A2A9F626700790749 /* Settings */,
				4945AC572A8A182F00A0FB0D /* SmallPlayer */,
				496C78BB2A7D20FC00161EF6 /* Splash */,
				49D0596B2AF0E72B00A01E17 /* VideoPlayer */,
			);
			path = Scenes;
			sourceTree = "<group>";
		};
		49BC067F2A6063D900105373 /* Playlists */ = {
			isa = PBXGroup;
			children = (
				49BC06852A61328F00105373 /* PlaylistContent */,
				494318B82A727DDE00F2C363 /* PlaylistsView */,
				4963D7AB2A7A9A7900787123 /* SongDetailView.swift */,
				49F50D822AC4B2D1001E5346 /* PlaylistsCoordinator.swift */,
			);
			path = Playlists;
			sourceTree = "<group>";
		};
		49BC06842A6064C300105373 /* Main */ = {
			isa = PBXGroup;
			children = (
				490C05842ACD496B0012990C /* MainCoordinator.swift */,
				4989D3A22A6045F50040A41F /* MainView.swift */,
				49B43BF42A701C4B007E9986 /* MainViewModel.swift */,
				49B43BF22A701B7F007E9986 /* PlayerControls.swift */,
				4969FA772A666BDD001CFC54 /* SongPlayer.swift */,
			);
			path = Main;
			sourceTree = "<group>";
		};
		49BC06852A61328F00105373 /* PlaylistContent */ = {
			isa = PBXGroup;
			children = (
				49BC06862A61329E00105373 /* PlaylistContentView.swift */,
			);
			path = PlaylistContent;
			sourceTree = "<group>";
		};
		49D0596B2AF0E72B00A01E17 /* VideoPlayer */ = {
			isa = PBXGroup;
			children = (
				49D0596C2AF0E74800A01E17 /* VideoPlayerView.swift */,
			);
			path = VideoPlayer;
			sourceTree = "<group>";
		};
		49D0596E2AF0E99300A01E17 /* Videos */ = {
			isa = PBXGroup;
			children = (
				49F3581D2AF963A20055D406 /* battery.mp4 */,
			);
			path = Videos;
			sourceTree = "<group>";
		};
		49E1FE512A655AA2000077FE /* Modifiers */ = {
			isa = PBXGroup;
			children = (
				49E1FE522A655AB4000077FE /* DragRotationModifier.swift */,
				490C057A2ACAE5230012990C /* PlainNavLinkModifier.swift */,
			);
			path = Modifiers;
			sourceTree = "<group>";
		};
/* End PBXGroup section */

/* Begin PBXNativeTarget section */
		4989D3982A6045F50040A41F /* VisionOSMusic */ = {
			isa = PBXNativeTarget;
			buildConfigurationList = 4989D3AD2A6045F60040A41F /* Build configuration list for PBXNativeTarget "VisionOSMusic" */;
			buildPhases = (
				4989D3952A6045F50040A41F /* Sources */,
				4989D3962A6045F50040A41F /* Frameworks */,
				4989D3972A6045F50040A41F /* Resources */,
			);
			buildRules = (
			);
			dependencies = (
			);
			name = VisionOSMusic;
			packageProductDependencies = (
				4989D39E2A6045F50040A41F /* RealityKitContent */,
			);
			productName = VisionOSMusic;
			productReference = 4989D3992A6045F50040A41F /* VisionOSMusic.app */;
			productType = "com.apple.product-type.application";
		};
/* End PBXNativeTarget section */

/* Begin PBXProject section */
		4989D3912A6045F50040A41F /* Project object */ = {
			isa = PBXProject;
			attributes = {
				BuildIndependentTargetsInParallel = 1;
				LastSwiftUpdateCheck = 1500;
				LastUpgradeCheck = 1500;
				TargetAttributes = {
					4989D3982A6045F50040A41F = {
						CreatedOnToolsVersion = 15.0;
					};
				};
			};
			buildConfigurationList = 4989D3942A6045F50040A41F /* Build configuration list for PBXProject "VisionOSMusic" */;
			compatibilityVersion = "Xcode 14.0";
			developmentRegion = en;
			hasScannedForEncodings = 0;
			knownRegions = (
				en,
				Base,
			);
			mainGroup = 4989D3902A6045F50040A41F;
			productRefGroup = 4989D39A2A6045F50040A41F /* Products */;
			projectDirPath = "";
			projectRoot = "";
			targets = (
				4989D3982A6045F50040A41F /* VisionOSMusic */,
			);
		};
/* End PBXProject section */

/* Begin PBXResourcesBuildPhase section */
		4989D3972A6045F50040A41F /* Resources */ = {
			isa = PBXResourcesBuildPhase;
			buildActionMask = 2147483647;
			files = (
				4989D3AA2A6045F60040A41F /* Preview Assets.xcassets in Resources */,
				49F3581E2AF963A20055D406 /* battery.mp4 in Resources */,
				4989D3A72A6045F60040A41F /* Assets.xcassets in Resources */,
			);
			runOnlyForDeploymentPostprocessing = 0;
		};
/* End PBXResourcesBuildPhase section */

/* Begin PBXSourcesBuildPhase section */
		4989D3952A6045F50040A41F /* Sources */ = {
			isa = PBXSourcesBuildPhase;
			buildActionMask = 2147483647;
			files = (
				490C05852ACD496B0012990C /* MainCoordinator.swift in Sources */,
				4989D3A32A6045F50040A41F /* MainView.swift in Sources */,
				49940D992A72782500340359 /* String+formatter.swift in Sources */,
				4977BCB52A9CABB700497A2F /* PieceType+Info.swift in Sources */,
				49A6595C2ACE9F540075EE1C /* InfoView.swift in Sources */,
				49B62EED2AA0F768005130C2 /* SnareDrumView.swift in Sources */,
				498EF83F2A9F654B00790749 /* BusinessConstants.swift in Sources */,
				49B43BF92A702749007E9986 /* Array+subscript.swift in Sources */,
				490C057F2ACB3A020012990C /* Collection+choose.swift in Sources */,
				495B271A2A9795FA008434D7 /* BillboardSystem.swift in Sources */,
				49B43BF32A701B7F007E9986 /* PlayerControls.swift in Sources */,
				49D0596D2AF0E74800A01E17 /* VideoPlayerView.swift in Sources */,
				49940D972A72776B00340359 /* Int+formatter.swift in Sources */,
				4945AC592A8A185500A0FB0D /* SmallPlayerView.swift in Sources */,
				49B62EEF2AA10164005130C2 /* SnareDrumViewModel.swift in Sources */,
				4930A7082A94A5CD00FE382F /* DrumKitPieceRuntimeComponent.swift in Sources */,
				49D0597C2AF397C400A01E17 /* SongVideoclip.swift in Sources */,
				4989D3A12A6045F50040A41F /* VisionOSMusicApp.swift in Sources */,
				49E680D92ACDCEF000BD75B8 /* AllEnvironmentsInjected.swift in Sources */,
				4963D7AC2A7A9A7900787123 /* SongDetailView.swift in Sources */,
				4945AC5C2A8A2A4900A0FB0D /* LoadingView.swift in Sources */,
				498EF83C2A9F628400790749 /* SettingsView.swift in Sources */,
				49BC06812A60645D00105373 /* PlaylistsView.swift in Sources */,
				49BC06892A61332F00105373 /* Song.swift in Sources */,
				492CDDAE2A81435200008C2D /* View+visibility.swift in Sources */,
				490C05832ACC73200012990C /* User.swift in Sources */,
				49F50D832AC4B2D1001E5346 /* PlaylistsCoordinator.swift in Sources */,
				4930A70E2A94A6DD00FE382F /* AttachmentsProvider.swift in Sources */,
				49BC06872A61329E00105373 /* PlaylistContentView.swift in Sources */,
				4963D7AE2A7B9A8500787123 /* PlaylistsMainContentView.swift in Sources */,
				49B43BF52A701C4B007E9986 /* MainViewModel.swift in Sources */,
				497A63242A93F890005A0280 /* DrumPieceView.swift in Sources */,
				49E1FE532A655AB4000077FE /* DragRotationModifier.swift in Sources */,
				4977BCBA2A9DDF0200497A2F /* PostersView.swift in Sources */,
				4945AC552A8A163B00A0FB0D /* ScenesConstants.swift in Sources */,
				49D0597A2AF3907900A01E17 /* ImmersionStylesSelectable.swift in Sources */,
				49BC067D2A6056C300105373 /* Models+Mocks.swift in Sources */,
				490C057D2ACAF70B0012990C /* MockPlaylistNavStack.swift in Sources */,
				494318BA2A727E1400F2C363 /* HomeView.swift in Sources */,
				496C78C22A80C9D100161EF6 /* MainInstrumentsView.swift in Sources */,
				49EF98942A8E213E00F14F9F /* YoutubePlayerView.swift in Sources */,
				496C78BD2A7D210C00161EF6 /* SplashView.swift in Sources */,
				4977BCB72A9CE2CA00497A2F /* SticksModel3D.swift in Sources */,
				490C05812ACB3B290012990C /* RecommendationCategory.swift in Sources */,
				49BC06832A60649800105373 /* PlaylistCellView.swift in Sources */,
				49BC067A2A60567600105373 /* Playlist.swift in Sources */,
				4930A70C2A94A6BF00FE382F /* Entity+utils.swift in Sources */,
				490BF6062A71596D008CB8F3 /* PlayerStatus.swift in Sources */,
				4930A70A2A94A60700FE382F /* DrumDemoViewModel.swift in Sources */,
				4969FA782A666BDD001CFC54 /* SongPlayer.swift in Sources */,
				492CDDAC2A81175A00008C2D /* Instrument.swift in Sources */,
				4945AC5E2A8A2DFB00A0FB0D /* DrumDemo.swift in Sources */,
				490C057B2ACAE5230012990C /* PlainNavLinkModifier.swift in Sources */,
				490BF6082A71628F008CB8F3 /* TimerUtils.swift in Sources */,
			);
			runOnlyForDeploymentPostprocessing = 0;
		};
/* End PBXSourcesBuildPhase section */

/* Begin XCBuildConfiguration section */
		4989D3AB2A6045F60040A41F /* Debug */ = {
			isa = XCBuildConfiguration;
			buildSettings = {
				ALWAYS_SEARCH_USER_PATHS = NO;
				ASSETCATALOG_COMPILER_GENERATE_SWIFT_ASSET_SYMBOL_EXTENSIONS = YES;
				CLANG_ANALYZER_NONNULL = YES;
				CLANG_ANALYZER_NUMBER_OBJECT_CONVERSION = YES_AGGRESSIVE;
				CLANG_CXX_LANGUAGE_STANDARD = "gnu++20";
				CLANG_ENABLE_MODULES = YES;
				CLANG_ENABLE_OBJC_ARC = YES;
				CLANG_ENABLE_OBJC_WEAK = YES;
				CLANG_WARN_BLOCK_CAPTURE_AUTORELEASING = YES;
				CLANG_WARN_BOOL_CONVERSION = YES;
				CLANG_WARN_COMMA = YES;
				CLANG_WARN_CONSTANT_CONVERSION = YES;
				CLANG_WARN_DEPRECATED_OBJC_IMPLEMENTATIONS = YES;
				CLANG_WARN_DIRECT_OBJC_ISA_USAGE = YES_ERROR;
				CLANG_WARN_DOCUMENTATION_COMMENTS = YES;
				CLANG_WARN_EMPTY_BODY = YES;
				CLANG_WARN_ENUM_CONVERSION = YES;
				CLANG_WARN_INFINITE_RECURSION = YES;
				CLANG_WARN_INT_CONVERSION = YES;
				CLANG_WARN_NON_LITERAL_NULL_CONVERSION = YES;
				CLANG_WARN_OBJC_IMPLICIT_RETAIN_SELF = YES;
				CLANG_WARN_OBJC_LITERAL_CONVERSION = YES;
				CLANG_WARN_OBJC_ROOT_CLASS = YES_ERROR;
				CLANG_WARN_QUOTED_INCLUDE_IN_FRAMEWORK_HEADER = YES;
				CLANG_WARN_RANGE_LOOP_ANALYSIS = YES;
				CLANG_WARN_STRICT_PROTOTYPES = YES;
				CLANG_WARN_SUSPICIOUS_MOVE = YES;
				CLANG_WARN_UNGUARDED_AVAILABILITY = YES_AGGRESSIVE;
				CLANG_WARN_UNREACHABLE_CODE = YES;
				CLANG_WARN__DUPLICATE_METHOD_MATCH = YES;
				COPY_PHASE_STRIP = NO;
				DEBUG_INFORMATION_FORMAT = dwarf;
				ENABLE_STRICT_OBJC_MSGSEND = YES;
				ENABLE_TESTABILITY = YES;
				ENABLE_USER_SCRIPT_SANDBOXING = YES;
				GCC_C_LANGUAGE_STANDARD = gnu17;
				GCC_DYNAMIC_NO_PIC = NO;
				GCC_NO_COMMON_BLOCKS = YES;
				GCC_OPTIMIZATION_LEVEL = 0;
				GCC_PREPROCESSOR_DEFINITIONS = (
					"DEBUG=1",
					"$(inherited)",
				);
				GCC_WARN_64_TO_32_BIT_CONVERSION = YES;
				GCC_WARN_ABOUT_RETURN_TYPE = YES_ERROR;
				GCC_WARN_UNDECLARED_SELECTOR = YES;
				GCC_WARN_UNINITIALIZED_AUTOS = YES_AGGRESSIVE;
				GCC_WARN_UNUSED_FUNCTION = YES;
				GCC_WARN_UNUSED_VARIABLE = YES;
				LOCALIZATION_PREFERS_STRING_CATALOGS = YES;
				MTL_ENABLE_DEBUG_INFO = INCLUDE_SOURCE;
				MTL_FAST_MATH = YES;
				ONLY_ACTIVE_ARCH = YES;
				SDKROOT = xros;
				SWIFT_ACTIVE_COMPILATION_CONDITIONS = "DEBUG $(inherited)";
				SWIFT_OPTIMIZATION_LEVEL = "-Onone";
				XROS_DEPLOYMENT_TARGET = 1.0;
			};
			name = Debug;
		};
		4989D3AC2A6045F60040A41F /* Release */ = {
			isa = XCBuildConfiguration;
			buildSettings = {
				ALWAYS_SEARCH_USER_PATHS = NO;
				ASSETCATALOG_COMPILER_GENERATE_SWIFT_ASSET_SYMBOL_EXTENSIONS = YES;
				CLANG_ANALYZER_NONNULL = YES;
				CLANG_ANALYZER_NUMBER_OBJECT_CONVERSION = YES_AGGRESSIVE;
				CLANG_CXX_LANGUAGE_STANDARD = "gnu++20";
				CLANG_ENABLE_MODULES = YES;
				CLANG_ENABLE_OBJC_ARC = YES;
				CLANG_ENABLE_OBJC_WEAK = YES;
				CLANG_WARN_BLOCK_CAPTURE_AUTORELEASING = YES;
				CLANG_WARN_BOOL_CONVERSION = YES;
				CLANG_WARN_COMMA = YES;
				CLANG_WARN_CONSTANT_CONVERSION = YES;
				CLANG_WARN_DEPRECATED_OBJC_IMPLEMENTATIONS = YES;
				CLANG_WARN_DIRECT_OBJC_ISA_USAGE = YES_ERROR;
				CLANG_WARN_DOCUMENTATION_COMMENTS = YES;
				CLANG_WARN_EMPTY_BODY = YES;
				CLANG_WARN_ENUM_CONVERSION = YES;
				CLANG_WARN_INFINITE_RECURSION = YES;
				CLANG_WARN_INT_CONVERSION = YES;
				CLANG_WARN_NON_LITERAL_NULL_CONVERSION = YES;
				CLANG_WARN_OBJC_IMPLICIT_RETAIN_SELF = YES;
				CLANG_WARN_OBJC_LITERAL_CONVERSION = YES;
				CLANG_WARN_OBJC_ROOT_CLASS = YES_ERROR;
				CLANG_WARN_QUOTED_INCLUDE_IN_FRAMEWORK_HEADER = YES;
				CLANG_WARN_RANGE_LOOP_ANALYSIS = YES;
				CLANG_WARN_STRICT_PROTOTYPES = YES;
				CLANG_WARN_SUSPICIOUS_MOVE = YES;
				CLANG_WARN_UNGUARDED_AVAILABILITY = YES_AGGRESSIVE;
				CLANG_WARN_UNREACHABLE_CODE = YES;
				CLANG_WARN__DUPLICATE_METHOD_MATCH = YES;
				COPY_PHASE_STRIP = NO;
				DEBUG_INFORMATION_FORMAT = "dwarf-with-dsym";
				ENABLE_NS_ASSERTIONS = NO;
				ENABLE_STRICT_OBJC_MSGSEND = YES;
				ENABLE_USER_SCRIPT_SANDBOXING = YES;
				GCC_C_LANGUAGE_STANDARD = gnu17;
				GCC_NO_COMMON_BLOCKS = YES;
				GCC_WARN_64_TO_32_BIT_CONVERSION = YES;
				GCC_WARN_ABOUT_RETURN_TYPE = YES_ERROR;
				GCC_WARN_UNDECLARED_SELECTOR = YES;
				GCC_WARN_UNINITIALIZED_AUTOS = YES_AGGRESSIVE;
				GCC_WARN_UNUSED_FUNCTION = YES;
				GCC_WARN_UNUSED_VARIABLE = YES;
				LOCALIZATION_PREFERS_STRING_CATALOGS = YES;
				MTL_ENABLE_DEBUG_INFO = NO;
				MTL_FAST_MATH = YES;
				SDKROOT = xros;
				SWIFT_COMPILATION_MODE = wholemodule;
				VALIDATE_PRODUCT = YES;
				XROS_DEPLOYMENT_TARGET = 1.0;
			};
			name = Release;
		};
		4989D3AE2A6045F60040A41F /* Debug */ = {
			isa = XCBuildConfiguration;
			buildSettings = {
				ASSETCATALOG_COMPILER_APPICON_NAME = AppIcon;
				ASSETCATALOG_COMPILER_GLOBAL_ACCENT_COLOR_NAME = AccentColor;
				CODE_SIGN_STYLE = Automatic;
				CURRENT_PROJECT_VERSION = 1;
				DEVELOPMENT_ASSET_PATHS = "\"VisionOSMusic/Preview Content\"";
				DEVELOPMENT_TEAM = F8FX9592B7;
				ENABLE_PREVIEWS = YES;
				GENERATE_INFOPLIST_FILE = YES;
				INFOPLIST_KEY_UIApplicationSceneManifest_Generation = YES;
				LD_RUNPATH_SEARCH_PATHS = (
					"$(inherited)",
					"@executable_path/Frameworks",
				);
				MARKETING_VERSION = 1.0;
				PRODUCT_BUNDLE_IDENTIFIER = com.jlagunadev.wip.VisionOSMusic;
				PRODUCT_NAME = "$(TARGET_NAME)";
				SUPPORTED_PLATFORMS = "xros xrsimulator";
				SWIFT_EMIT_LOC_STRINGS = YES;
				SWIFT_VERSION = 5.0;
				TARGETED_DEVICE_FAMILY = "1,2,7";
			};
			name = Debug;
		};
		4989D3AF2A6045F60040A41F /* Release */ = {
			isa = XCBuildConfiguration;
			buildSettings = {
				ASSETCATALOG_COMPILER_APPICON_NAME = AppIcon;
				ASSETCATALOG_COMPILER_GLOBAL_ACCENT_COLOR_NAME = AccentColor;
				CODE_SIGN_STYLE = Automatic;
				CURRENT_PROJECT_VERSION = 1;
				DEVELOPMENT_ASSET_PATHS = "\"VisionOSMusic/Preview Content\"";
				DEVELOPMENT_TEAM = F8FX9592B7;
				ENABLE_PREVIEWS = YES;
				GENERATE_INFOPLIST_FILE = YES;
				INFOPLIST_KEY_UIApplicationSceneManifest_Generation = YES;
				LD_RUNPATH_SEARCH_PATHS = (
					"$(inherited)",
					"@executable_path/Frameworks",
				);
				MARKETING_VERSION = 1.0;
				PRODUCT_BUNDLE_IDENTIFIER = com.jlagunadev.wip.VisionOSMusic;
				PRODUCT_NAME = "$(TARGET_NAME)";
				SUPPORTED_PLATFORMS = "xros xrsimulator";
				SWIFT_EMIT_LOC_STRINGS = YES;
				SWIFT_VERSION = 5.0;
				TARGETED_DEVICE_FAMILY = "1,2,7";
			};
			name = Release;
		};
/* End XCBuildConfiguration section */

/* Begin XCConfigurationList section */
		4989D3942A6045F50040A41F /* Build configuration list for PBXProject "VisionOSMusic" */ = {
			isa = XCConfigurationList;
			buildConfigurations = (
				4989D3AB2A6045F60040A41F /* Debug */,
				4989D3AC2A6045F60040A41F /* Release */,
			);
			defaultConfigurationIsVisible = 0;
			defaultConfigurationName = Release;
		};
		4989D3AD2A6045F60040A41F /* Build configuration list for PBXNativeTarget "VisionOSMusic" */ = {
			isa = XCConfigurationList;
			buildConfigurations = (
				4989D3AE2A6045F60040A41F /* Debug */,
				4989D3AF2A6045F60040A41F /* Release */,
			);
			defaultConfigurationIsVisible = 0;
			defaultConfigurationName = Release;
		};
/* End XCConfigurationList section */

/* Begin XCSwiftPackageProductDependency section */
		4989D39E2A6045F50040A41F /* RealityKitContent */ = {
			isa = XCSwiftPackageProductDependency;
			productName = RealityKitContent;
		};
/* End XCSwiftPackageProductDependency section */
	};
	rootObject = 4989D3912A6045F50040A41F /* Project object */;
}
